
Microsoft Visual Studio Solution File, Format Version 12.00
# Visual Studio Version 17
VisualStudioVersion = 17.11.35327.3
MinimumVisualStudioVersion = 10.0.40219.1
Project("{FAE04EC0-301F-11D3-BF4B-00C04F79EFBC}") = "AirlineReservationSystem", "AirlineReservationSystem\AirlineReservationSystem.csproj", "{A2D6C592-C602-4AB2-92D2-69009ADFF4FF}"
EndProject
Global
	GlobalSection(SolutionConfigurationPlatforms) = preSolution
		Debug|Any CPU = Debug|Any CPU
		Release|Any CPU = Release|Any CPU
	EndGlobalSection
	GlobalSection(ProjectConfigurationPlatforms) = postSolution
		{A2D6C592-C602-4AB2-92D2-69009ADFF4FF}.Debug|Any CPU.ActiveCfg = Debug|Any CPU
		{A2D6C592-C602-4AB2-92D2-69009ADFF4FF}.Debug|Any CPU.Build.0 = Debug|Any CPU
		{A2D6C592-C602-4AB2-92D2-69009ADFF4FF}.Release|Any CPU.ActiveCfg = Release|Any CPU
		{A2D6C592-C602-4AB2-92D2-69009ADFF4FF}.Release|Any CPU.Build.0 = Release|Any CPU
	EndGlobalSection
	GlobalSection(SolutionProperties) = preSolution
		HideSolutionNode = FALSE
	EndGlobalSection
	GlobalSection(ExtensibilityGlobals) = postSolution
		SolutionGuid = {895FD48B-5A9D-4CD8-A598-0E8DBC4E815E}
	EndGlobalSection
EndGlobal
